
Microsoft Visual Studio Solution File, Format Version 12.00
# Visual Studio Version 17
VisualStudioVersion = 17.13.35825.156
MinimumVisualStudioVersion = 10.0.40219.1
Project("{FAE04EC0-301F-11D3-BF4B-00C04F79EFBC}") = "TemizlikciGariPro", "TemizlikciGariPro\TemizlikciGariPro.csproj", "{B3AD0E0A-59A7-4C3D-9A55-62B8E90814E3}"
EndProject
Global
	GlobalSection(SolutionConfigurationPlatforms) = preSolution
		Debug|Any CPU = Debug|Any CPU
		Release|Any CPU = Release|Any CPU
	EndGlobalSection
	GlobalSection(ProjectConfigurationPlatforms) = postSolution
		{B3AD0E0A-59A7-4C3D-9A55-62B8E90814E3}.Debug|Any CPU.ActiveCfg = Debug|Any CPU
		{B3AD0E0A-59A7-4C3D-9A55-62B8E90814E3}.Debug|Any CPU.Build.0 = Debug|Any CPU
		{B3AD0E0A-59A7-4C3D-9A55-62B8E90814E3}.Release|Any CPU.ActiveCfg = Release|Any CPU
		{B3AD0E0A-59A7-4C3D-9A55-62B8E90814E3}.Release|Any CPU.Build.0 = Release|Any CPU
	EndGlobalSection
	GlobalSection(SolutionProperties) = preSolution
		HideSolutionNode = FALSE
	EndGlobalSection
	GlobalSection(ExtensibilityGlobals) = postSolution
		SolutionGuid = {3B66795B-DD91-4118-90A7-C8BF6AADE83E}
	EndGlobalSection
EndGlobal
